PODS:
  - UIFontIcons/Core (0.0.6)
  - UIFontIcons/Feather (0.0.6):
    - UIFontIcons/Core
  - UIFontIcons/FontAwesome (0.0.6):
    - UIFontIcons/Core
  - UIFontIcons/MaterialIcons (0.0.6):
    - UIFontIcons/Core
  - UIFontLoader (0.0.3)

DEPENDENCIES:
  - UIFontIcons/Feather (from `../../`)
  - UIFontIcons/FontAwesome (from `../../`)
  - UIFontIcons/MaterialIcons (from `../../`)
  - UIFontLoader (from `https://github.com/Appsaurus/UIFontLoader`)

EXTERNAL SOURCES:
  UIFontIcons:
    :path: "../../"
  UIFontLoader:
    :git: https://github.com/Appsaurus/UIFontLoader

CHECKOUT OPTIONS:
  UIFontLoader:
    :commit: ee7c29b18ce3d39a4f683a1475831579d32b5dce
    :git: https://github.com/Appsaurus/UIFontLoader

SPEC CHECKSUMS:
  UIFontIcons: 93d33ae6c1de1253be2abd834e79e7cebca21bd4
  UIFontLoader: df06440b24c51384676dc9ec54aecc3aff5a7a97

PODFILE CHECKSUM: 136e011c315bc1b1d5370ad7ec8f0eefc0c71406

COCOAPODS: 1.5.3
